
Microsoft Visual Studio Solution File, Format Version 12.00
# Visual Studio 2017
Project("{FAE04EC0-301F-11D3-BF4B-00C04F79EFBC}") = "BallBounce", "BallBounce.csproj", "{2AB55040-D2B2-E45D-B855-634FF2E44B08}"
EndProject
Project("{FAE04EC0-301F-11D3-BF4B-00C04F79EFBC}") = "BallBounce.Plugins", "BallBounce.Plugins.csproj", "{5E1B339D-D024-37C1-23E3-C9133C6A7AC8}"
EndProject
Project("{FAE04EC0-301F-11D3-BF4B-00C04F79EFBC}") = "BallBounce.Editor.Plugins", "BallBounce.Editor.Plugins.csproj", "{455C0CAB-F08D-C555-9AE1-1EC0413E04D8}"
EndProject
Global
	GlobalSection(SolutionConfigurationPlatforms) = preSolution
		Debug|Any CPU = Debug|Any CPU
		Release|Any CPU = Release|Any CPU
	EndGlobalSection
	GlobalSection(ProjectConfigurationPlatforms) = postSolution
		{2AB55040-D2B2-E45D-B855-634FF2E44B08}.Debug|Any CPU.ActiveCfg = Debug|Any CPU
		{2AB55040-D2B2-E45D-B855-634FF2E44B08}.Debug|Any CPU.Build.0 = Debug|Any CPU
		{2AB55040-D2B2-E45D-B855-634FF2E44B08}.Release|Any CPU.ActiveCfg = Release|Any CPU
		{2AB55040-D2B2-E45D-B855-634FF2E44B08}.Release|Any CPU.Build.0 = Release|Any CPU
		{5E1B339D-D024-37C1-23E3-C9133C6A7AC8}.Debug|Any CPU.ActiveCfg = Debug|Any CPU
		{5E1B339D-D024-37C1-23E3-C9133C6A7AC8}.Debug|Any CPU.Build.0 = Debug|Any CPU
		{5E1B339D-D024-37C1-23E3-C9133C6A7AC8}.Release|Any CPU.ActiveCfg = Release|Any CPU
		{5E1B339D-D024-37C1-23E3-C9133C6A7AC8}.Release|Any CPU.Build.0 = Release|Any CPU
		{455C0CAB-F08D-C555-9AE1-1EC0413E04D8}.Debug|Any CPU.ActiveCfg = Debug|Any CPU
		{455C0CAB-F08D-C555-9AE1-1EC0413E04D8}.Debug|Any CPU.Build.0 = Debug|Any CPU
		{455C0CAB-F08D-C555-9AE1-1EC0413E04D8}.Release|Any CPU.ActiveCfg = Release|Any CPU
		{455C0CAB-F08D-C555-9AE1-1EC0413E04D8}.Release|Any CPU.Build.0 = Release|Any CPU
	EndGlobalSection
	GlobalSection(SolutionProperties) = preSolution
		HideSolutionNode = FALSE
	EndGlobalSection
EndGlobal
